
Microsoft Visual Studio Solution File, Format Version 12.00
# Visual Studio 15
VisualStudioVersion = 15.0.27703.2026
MinimumVisualStudioVersion = 10.0.40219.1
Project("{FAE04EC0-301F-11D3-BF4B-00C04F79EFBC}") = "Lab 6", "Lab 6\Lab 6.csproj", "{BB076094-7493-4852-997F-C7F3A6C89EEE}"
EndProject
Global
	GlobalSection(SolutionConfigurationPlatforms) = preSolution
		Debug|Any CPU = Debug|Any CPU
		Release|Any CPU = Release|Any CPU
	EndGlobalSection
	GlobalSection(ProjectConfigurationPlatforms) = postSolution
		{BB076094-7493-4852-997F-C7F3A6C89EEE}.Debug|Any CPU.ActiveCfg = Debug|Any CPU
		{BB076094-7493-4852-997F-C7F3A6C89EEE}.Debug|Any CPU.Build.0 = Debug|Any CPU
		{BB076094-7493-4852-997F-C7F3A6C89EEE}.Release|Any CPU.ActiveCfg = Release|Any CPU
		{BB076094-7493-4852-997F-C7F3A6C89EEE}.Release|Any CPU.Build.0 = Release|Any CPU
	EndGlobalSection
	GlobalSection(SolutionProperties) = preSolution
		HideSolutionNode = FALSE
	EndGlobalSection
	GlobalSection(ExtensibilityGlobals) = postSolution
		SolutionGuid = {B94F2861-6531-4F3B-8AAD-9CEF71C2A4CD}
	EndGlobalSection
EndGlobal
